// !$*UTF8*$!
{
	archiveVersion = 1;
	classes = {
	};
	objectVersion = 56;
	objects = {

/* Begin PBXBuildFile section */
		CB706C8129F62A6400D40967 /* Unit.swift in Sources */ = {isa = PBXBuildFile; fileRef = CB706C8029F62A6400D40967 /* Unit.swift */; };
		CB706C8429F6397000D40967 /* Int+CommaSeparatedYen.swift in Sources */ = {isa = PBXBuildFile; fileRef = CB706C8329F6397000D40967 /* Int+CommaSeparatedYen.swift */; };
		CB706C8A29F68F1100D40967 /* ja.md in Resources */ = {isa = PBXBuildFile; fileRef = CB706C8929F68F1100D40967 /* ja.md */; };
		CBD5947B29F3D14B0046A2CA /* CalculationAppApp.swift in Sources */ = {isa = PBXBuildFile; fileRef = CBD5947A29F3D14B0046A2CA /* CalculationAppApp.swift */; };
		CBD5947D29F3D14B0046A2CA /* ContentView.swift in Sources */ = {isa = PBXBuildFile; fileRef = CBD5947C29F3D14B0046A2CA /* ContentView.swift */; };
		CBD5947F29F3D14C0046A2CA /* Assets.xcassets in Resources */ = {isa = PBXBuildFile; fileRef = CBD5947E29F3D14C0046A2CA /* Assets.xcassets */; };
		CBD5948229F3D14C0046A2CA /* Preview Assets.xcassets in Resources */ = {isa = PBXBuildFile; fileRef = CBD5948129F3D14C0046A2CA /* Preview Assets.xcassets */; };
		CBD5948C29F3D14C0046A2CA /* CalculationAppTests.swift in Sources */ = {isa = PBXBuildFile; fileRef = CBD5948B29F3D14C0046A2CA /* CalculationAppTests.swift */; };
		CBD5949629F3D14C0046A2CA /* CalculationAppUITests.swift in Sources */ = {isa = PBXBuildFile; fileRef = CBD5949529F3D14C0046A2CA /* CalculationAppUITests.swift */; };
		CBD5949829F3D14C0046A2CA /* CalculationAppUITestsLaunchTests.swift in Sources */ = {isa = PBXBuildFile; fileRef = CBD5949729F3D14C0046A2CA /* CalculationAppUITestsLaunchTests.swift */; };
		CBD594A729F3D5CB0046A2CA /* IntputItemView.swift in Sources */ = {isa = PBXBuildFile; fileRef = CBD594A629F3D5CB0046A2CA /* IntputItemView.swift */; };
		CBD594A929F3E14A0046A2CA /* OutputItemView.swift in Sources */ = {isa = PBXBuildFile; fileRef = CBD594A829F3E14A0046A2CA /* OutputItemView.swift */; };
		CBD594AB29F3EBFE0046A2CA /* InvestmentAsset.swift in Sources */ = {isa = PBXBuildFile; fileRef = CBD594AA29F3EBFE0046A2CA /* InvestmentAsset.swift */; };
/* End PBXBuildFile section */

/* Begin PBXContainerItemProxy section */
		CBD5948829F3D14C0046A2CA /* PBXContainerItemProxy */ = {
			isa = PBXContainerItemProxy;
			containerPortal = CBD5946F29F3D14B0046A2CA /* Project object */;
			proxyType = 1;
			remoteGlobalIDString = CBD5947629F3D14B0046A2CA;
			remoteInfo = CalculationApp;
		};
		CBD5949229F3D14C0046A2CA /* PBXContainerItemProxy */ = {
			isa = PBXContainerItemProxy;
			containerPortal = CBD5946F29F3D14B0046A2CA /* Project object */;
			proxyType = 1;
			remoteGlobalIDString = CBD5947629F3D14B0046A2CA;
			remoteInfo = CalculationApp;
		};
/* End PBXContainerItemProxy section */

/* Begin PBXFileReference section */
		CB706C8029F62A6400D40967 /* Unit.swift */ = {isa = PBXFileReference; lastKnownFileType = sourcecode.swift; path = Unit.swift; sourceTree = "<group>"; };
		CB706C8329F6397000D40967 /* Int+CommaSeparatedYen.swift */ = {isa = PBXFileReference; lastKnownFileType = sourcecode.swift; path = "Int+CommaSeparatedYen.swift"; sourceTree = "<group>"; };
		CB706C8929F68F1100D40967 /* ja.md */ = {isa = PBXFileReference; lastKnownFileType = net.daringfireball.markdown; path = ja.md; sourceTree = "<group>"; };
		CBD5947729F3D14B0046A2CA /* CalculationApp.app */ = {isa = PBXFileReference; explicitFileType = wrapper.application; includeInIndex = 0; path = CalculationApp.app; sourceTree = BUILT_PRODUCTS_DIR; };
		CBD5947A29F3D14B0046A2CA /* CalculationAppApp.swift */ = {isa = PBXFileReference; lastKnownFileType = sourcecode.swift; path = CalculationAppApp.swift; sourceTree = "<group>"; };
		CBD5947C29F3D14B0046A2CA /* ContentView.swift */ = {isa = PBXFileReference; lastKnownFileType = sourcecode.swift; path = ContentView.swift; sourceTree = "<group>"; };
		CBD5947E29F3D14C0046A2CA /* Assets.xcassets */ = {isa = PBXFileReference; lastKnownFileType = folder.assetcatalog; path = Assets.xcassets; sourceTree = "<group>"; };
		CBD5948129F3D14C0046A2CA /* Preview Assets.xcassets */ = {isa = PBXFileReference; lastKnownFileType = folder.assetcatalog; path = "Preview Assets.xcassets"; sourceTree = "<group>"; };
		CBD5948729F3D14C0046A2CA /* CalculationAppTests.xctest */ = {isa = PBXFileReference; explicitFileType = wrapper.cfbundle; includeInIndex = 0; path = CalculationAppTests.xctest; sourceTree = BUILT_PRODUCTS_DIR; };
		CBD5948B29F3D14C0046A2CA /* CalculationAppTests.swift */ = {isa = PBXFileReference; lastKnownFileType = sourcecode.swift; path = CalculationAppTests.swift; sourceTree = "<group>"; };
		CBD5949129F3D14C0046A2CA /* CalculationAppUITests.xctest */ = {isa = PBXFileReference; explicitFileType = wrapper.cfbundle; includeInIndex = 0; path = CalculationAppUITests.xctest; sourceTree = BUILT_PRODUCTS_DIR; };
		CBD5949529F3D14C0046A2CA /* CalculationAppUITests.swift */ = {isa = PBXFileReference; lastKnownFileType = sourcecode.swift; path = CalculationAppUITests.swift; sourceTree = "<group>"; };
		CBD5949729F3D14C0046A2CA /* CalculationAppUITestsLaunchTests.swift */ = {isa = PBXFileReference; lastKnownFileType = sourcecode.swift; path = CalculationAppUITestsLaunchTests.swift; sourceTree = "<group>"; };
		CBD594A629F3D5CB0046A2CA /* IntputItemView.swift */ = {isa = PBXFileReference; lastKnownFileType = sourcecode.swift; path = IntputItemView.swift; sourceTree = "<group>"; };
		CBD594A829F3E14A0046A2CA /* OutputItemView.swift */ = {isa = PBXFileReference; lastKnownFileType = sourcecode.swift; path = OutputItemView.swift; sourceTree = "<group>"; };
		CBD594AA29F3EBFE0046A2CA /* InvestmentAsset.swift */ = {isa = PBXFileReference; lastKnownFileType = sourcecode.swift; path = InvestmentAsset.swift; sourceTree = "<group>"; };
/* End PBXFileReference section */

/* Begin PBXFrameworksBuildPhase section */
		CBD5947429F3D14B0046A2CA /* Frameworks */ = {
			isa = PBXFrameworksBuildPhase;
			buildActionMask = 2147483647;
			files = (
			);
			runOnlyForDeploymentPostprocessing = 0;
		};
		CBD5948429F3D14C0046A2CA /* Frameworks */ = {
			isa = PBXFrameworksBuildPhase;
			buildActionMask = 2147483647;
			files = (
			);
			runOnlyForDeploymentPostprocessing = 0;
		};
		CBD5948E29F3D14C0046A2CA /* Frameworks */ = {
			isa = PBXFrameworksBuildPhase;
			buildActionMask = 2147483647;
			files = (
			);
			runOnlyForDeploymentPostprocessing = 0;
		};
/* End PBXFrameworksBuildPhase section */

/* Begin PBXGroup section */
		CB706C7E29F62A4200D40967 /* Models */ = {
			isa = PBXGroup;
			children = (
				CBD594AA29F3EBFE0046A2CA /* InvestmentAsset.swift */,
				CB706C8029F62A6400D40967 /* Unit.swift */,
			);
			path = Models;
			sourceTree = "<group>";
		};
		CB706C7F29F62A4A00D40967 /* Views */ = {
			isa = PBXGroup;
			children = (
				CBD5947C29F3D14B0046A2CA /* ContentView.swift */,
				CBD594A629F3D5CB0046A2CA /* IntputItemView.swift */,
				CBD594A829F3E14A0046A2CA /* OutputItemView.swift */,
			);
			path = Views;
			sourceTree = "<group>";
		};
		CB706C8229F6381000D40967 /* Extensions */ = {
			isa = PBXGroup;
			children = (
				CB706C8329F6397000D40967 /* Int+CommaSeparatedYen.swift */,
			);
			path = Extensions;
			sourceTree = "<group>";
		};
		CB706C8729F68EB500D40967 /* docs */ = {
			isa = PBXGroup;
			children = (
				CB706C8829F68EE300D40967 /* PrivacyPolicy */,
			);
			path = docs;
			sourceTree = "<group>";
		};
		CB706C8829F68EE300D40967 /* PrivacyPolicy */ = {
			isa = PBXGroup;
			children = (
				CB706C8929F68F1100D40967 /* ja.md */,
			);
			path = PrivacyPolicy;
			sourceTree = "<group>";
		};
		CBD5946E29F3D14B0046A2CA = {
			isa = PBXGroup;
			children = (
				CB706C8729F68EB500D40967 /* docs */,
				CBD5947929F3D14B0046A2CA /* CalculationApp */,
				CBD5948A29F3D14C0046A2CA /* CalculationAppTests */,
				CBD5949429F3D14C0046A2CA /* CalculationAppUITests */,
				CBD5947829F3D14B0046A2CA /* Products */,
			);
			sourceTree = "<group>";
		};
		CBD5947829F3D14B0046A2CA /* Products */ = {
			isa = PBXGroup;
			children = (
				CBD5947729F3D14B0046A2CA /* CalculationApp.app */,
				CBD5948729F3D14C0046A2CA /* CalculationAppTests.xctest */,
				CBD5949129F3D14C0046A2CA /* CalculationAppUITests.xctest */,
			);
			name = Products;
			sourceTree = "<group>";
		};
		CBD5947929F3D14B0046A2CA /* CalculationApp */ = {
			isa = PBXGroup;
			children = (
				CB706C8229F6381000D40967 /* Extensions */,
				CB706C7F29F62A4A00D40967 /* Views */,
				CB706C7E29F62A4200D40967 /* Models */,
				CBD5947A29F3D14B0046A2CA /* CalculationAppApp.swift */,
				CBD5947E29F3D14C0046A2CA /* Assets.xcassets */,
				CBD5948029F3D14C0046A2CA /* Preview Content */,
			);
			path = CalculationApp;
			sourceTree = "<group>";
		};
		CBD5948029F3D14C0046A2CA /* Preview Content */ = {
			isa = PBXGroup;
			children = (
				CBD5948129F3D14C0046A2CA /* Preview Assets.xcassets */,
			);
			path = "Preview Content";
			sourceTree = "<group>";
		};
		CBD5948A29F3D14C0046A2CA /* CalculationAppTests */ = {
			isa = PBXGroup;
			children = (
				CBD5948B29F3D14C0046A2CA /* CalculationAppTests.swift */,
			);
			path = CalculationAppTests;
			sourceTree = "<group>";
		};
		CBD5949429F3D14C0046A2CA /* CalculationAppUITests */ = {
			isa = PBXGroup;
			children = (
				CBD5949529F3D14C0046A2CA /* CalculationAppUITests.swift */,
				CBD5949729F3D14C0046A2CA /* CalculationAppUITestsLaunchTests.swift */,
			);
			path = CalculationAppUITests;
			sourceTree = "<group>";
		};
/* End PBXGroup section */

/* Begin PBXNativeTarget section */
		CBD5947629F3D14B0046A2CA /* CalculationApp */ = {
			isa = PBXNativeTarget;
			buildConfigurationList = CBD5949B29F3D14C0046A2CA /* Build configuration list for PBXNativeTarget "CalculationApp" */;
			buildPhases = (
				CBD5947329F3D14B0046A2CA /* Sources */,
				CBD5947429F3D14B0046A2CA /* Frameworks */,
				CBD5947529F3D14B0046A2CA /* Resources */,
			);
			buildRules = (
			);
			dependencies = (
			);
			name = CalculationApp;
			productName = CalculationApp;
			productReference = CBD5947729F3D14B0046A2CA /* CalculationApp.app */;
			productType = "com.apple.product-type.application";
		};
		CBD5948629F3D14C0046A2CA /* CalculationAppTests */ = {
			isa = PBXNativeTarget;
			buildConfigurationList = CBD5949E29F3D14C0046A2CA /* Build configuration list for PBXNativeTarget "CalculationAppTests" */;
			buildPhases = (
				CBD5948329F3D14C0046A2CA /* Sources */,
				CBD5948429F3D14C0046A2CA /* Frameworks */,
				CBD5948529F3D14C0046A2CA /* Resources */,
			);
			buildRules = (
			);
			dependencies = (
				CBD5948929F3D14C0046A2CA /* PBXTargetDependency */,
			);
			name = CalculationAppTests;
			productName = CalculationAppTests;
			productReference = CBD5948729F3D14C0046A2CA /* CalculationAppTests.xctest */;
			productType = "com.apple.product-type.bundle.unit-test";
		};
		CBD5949029F3D14C0046A2CA /* CalculationAppUITests */ = {
			isa = PBXNativeTarget;
			buildConfigurationList = CBD594A129F3D14C0046A2CA /* Build configuration list for PBXNativeTarget "CalculationAppUITests" */;
			buildPhases = (
				CBD5948D29F3D14C0046A2CA /* Sources */,
				CBD5948E29F3D14C0046A2CA /* Frameworks */,
				CBD5948F29F3D14C0046A2CA /* Resources */,
			);
			buildRules = (
			);
			dependencies = (
				CBD5949329F3D14C0046A2CA /* PBXTargetDependency */,
			);
			name = CalculationAppUITests;
			productName = CalculationAppUITests;
			productReference = CBD5949129F3D14C0046A2CA /* CalculationAppUITests.xctest */;
			productType = "com.apple.product-type.bundle.ui-testing";
		};
/* End PBXNativeTarget section */

/* Begin PBXProject section */
		CBD5946F29F3D14B0046A2CA /* Project object */ = {
			isa = PBXProject;
			attributes = {
				BuildIndependentTargetsInParallel = 1;
				LastSwiftUpdateCheck = 1410;
				LastUpgradeCheck = 1410;
				TargetAttributes = {
					CBD5947629F3D14B0046A2CA = {
						CreatedOnToolsVersion = 14.1;
					};
					CBD5948629F3D14C0046A2CA = {
						CreatedOnToolsVersion = 14.1;
						TestTargetID = CBD5947629F3D14B0046A2CA;
					};
					CBD5949029F3D14C0046A2CA = {
						CreatedOnToolsVersion = 14.1;
						TestTargetID = CBD5947629F3D14B0046A2CA;
					};
				};
			};
			buildConfigurationList = CBD5947229F3D14B0046A2CA /* Build configuration list for PBXProject "CalculationApp" */;
			compatibilityVersion = "Xcode 14.0";
			developmentRegion = en;
			hasScannedForEncodings = 0;
			knownRegions = (
				en,
				Base,
			);
			mainGroup = CBD5946E29F3D14B0046A2CA;
			productRefGroup = CBD5947829F3D14B0046A2CA /* Products */;
			projectDirPath = "";
			projectRoot = "";
			targets = (
				CBD5947629F3D14B0046A2CA /* CalculationApp */,
				CBD5948629F3D14C0046A2CA /* CalculationAppTests */,
				CBD5949029F3D14C0046A2CA /* CalculationAppUITests */,
			);
		};
/* End PBXProject section */

/* Begin PBXResourcesBuildPhase section */
		CBD5947529F3D14B0046A2CA /* Resources */ = {
			isa = PBXResourcesBuildPhase;
			buildActionMask = 2147483647;
			files = (
				CB706C8A29F68F1100D40967 /* ja.md in Resources */,
				CBD5948229F3D14C0046A2CA /* Preview Assets.xcassets in Resources */,
				CBD5947F29F3D14C0046A2CA /* Assets.xcassets in Resources */,
			);
			runOnlyForDeploymentPostprocessing = 0;
		};
		CBD5948529F3D14C0046A2CA /* Resources */ = {
			isa = PBXResourcesBuildPhase;
			buildActionMask = 2147483647;
			files = (
			);
			runOnlyForDeploymentPostprocessing = 0;
		};
		CBD5948F29F3D14C0046A2CA /* Resources */ = {
			isa = PBXResourcesBuildPhase;
			buildActionMask = 2147483647;
			files = (
			);
			runOnlyForDeploymentPostprocessing = 0;
		};
/* End PBXResourcesBuildPhase section */

/* Begin PBXSourcesBuildPhase section */
		CBD5947329F3D14B0046A2CA /* Sources */ = {
			isa = PBXSourcesBuildPhase;
			buildActionMask = 2147483647;
			files = (
				CBD5947D29F3D14B0046A2CA /* ContentView.swift in Sources */,
				CBD594A729F3D5CB0046A2CA /* IntputItemView.swift in Sources */,
				CBD594AB29F3EBFE0046A2CA /* InvestmentAsset.swift in Sources */,
				CB706C8129F62A6400D40967 /* Unit.swift in Sources */,
				CB706C8429F6397000D40967 /* Int+CommaSeparatedYen.swift in Sources */,
				CBD594A929F3E14A0046A2CA /* OutputItemView.swift in Sources */,
				CBD5947B29F3D14B0046A2CA /* CalculationAppApp.swift in Sources */,
			);
			runOnlyForDeploymentPostprocessing = 0;
		};
		CBD5948329F3D14C0046A2CA /* Sources */ = {
			isa = PBXSourcesBuildPhase;
			buildActionMask = 2147483647;
			files = (
				CBD5948C29F3D14C0046A2CA /* CalculationAppTests.swift in Sources */,
			);
			runOnlyForDeploymentPostprocessing = 0;
		};
		CBD5948D29F3D14C0046A2CA /* Sources */ = {
			isa = PBXSourcesBuildPhase;
			buildActionMask = 2147483647;
			files = (
				CBD5949829F3D14C0046A2CA /* CalculationAppUITestsLaunchTests.swift in Sources */,
				CBD5949629F3D14C0046A2CA /* CalculationAppUITests.swift in Sources */,
			);
			runOnlyForDeploymentPostprocessing = 0;
		};
/* End PBXSourcesBuildPhase section */

/* Begin PBXTargetDependency section */
		CBD5948929F3D14C0046A2CA /* PBXTargetDependency */ = {
			isa = PBXTargetDependency;
			target = CBD5947629F3D14B0046A2CA /* CalculationApp */;
			targetProxy = CBD5948829F3D14C0046A2CA /* PBXContainerItemProxy */;
		};
		CBD5949329F3D14C0046A2CA /* PBXTargetDependency */ = {
			isa = PBXTargetDependency;
			target = CBD5947629F3D14B0046A2CA /* CalculationApp */;
			targetProxy = CBD5949229F3D14C0046A2CA /* PBXContainerItemProxy */;
		};
/* End PBXTargetDependency section */

/* Begin XCBuildConfiguration section */
		CBD5949929F3D14C0046A2CA /* Debug */ = {
			isa = XCBuildConfiguration;
			buildSettings = {
				ALWAYS_SEARCH_USER_PATHS = NO;
				CLANG_ANALYZER_NONNULL = YES;
				CLANG_ANALYZER_NUMBER_OBJECT_CONVERSION = YES_AGGRESSIVE;
				CLANG_CXX_LANGUAGE_STANDARD = "gnu++20";
				CLANG_ENABLE_MODULES = YES;
				CLANG_ENABLE_OBJC_ARC = YES;
				CLANG_ENABLE_OBJC_WEAK = YES;
				CLANG_WARN_BLOCK_CAPTURE_AUTORELEASING = YES;
				CLANG_WARN_BOOL_CONVERSION = YES;
				CLANG_WARN_COMMA = YES;
				CLANG_WARN_CONSTANT_CONVERSION = YES;
				CLANG_WARN_DEPRECATED_OBJC_IMPLEMENTATIONS = YES;
				CLANG_WARN_DIRECT_OBJC_ISA_USAGE = YES_ERROR;
				CLANG_WARN_DOCUMENTATION_COMMENTS = YES;
				CLANG_WARN_EMPTY_BODY = YES;
				CLANG_WARN_ENUM_CONVERSION = YES;
				CLANG_WARN_INFINITE_RECURSION = YES;
				CLANG_WARN_INT_CONVERSION = YES;
				CLANG_WARN_NON_LITERAL_NULL_CONVERSION = YES;
				CLANG_WARN_OBJC_IMPLICIT_RETAIN_SELF = YES;
				CLANG_WARN_OBJC_LITERAL_CONVERSION = YES;
				CLANG_WARN_OBJC_ROOT_CLASS = YES_ERROR;
				CLANG_WARN_QUOTED_INCLUDE_IN_FRAMEWORK_HEADER = YES;
				CLANG_WARN_RANGE_LOOP_ANALYSIS = YES;
				CLANG_WARN_STRICT_PROTOTYPES = YES;
				CLANG_WARN_SUSPICIOUS_MOVE = YES;
				CLANG_WARN_UNGUARDED_AVAILABILITY = YES_AGGRESSIVE;
				CLANG_WARN_UNREACHABLE_CODE = YES;
				CLANG_WARN__DUPLICATE_METHOD_MATCH = YES;
				COPY_PHASE_STRIP = NO;
				DEBUG_INFORMATION_FORMAT = dwarf;
				ENABLE_STRICT_OBJC_MSGSEND = YES;
				ENABLE_TESTABILITY = YES;
				GCC_C_LANGUAGE_STANDARD = gnu11;
				GCC_DYNAMIC_NO_PIC = NO;
				GCC_NO_COMMON_BLOCKS = YES;
				GCC_OPTIMIZATION_LEVEL = 0;
				GCC_PREPROCESSOR_DEFINITIONS = (
					"DEBUG=1",
					"$(inherited)",
				);
				GCC_WARN_64_TO_32_BIT_CONVERSION = YES;
				GCC_WARN_ABOUT_RETURN_TYPE = YES_ERROR;
				GCC_WARN_UNDECLARED_SELECTOR = YES;
				GCC_WARN_UNINITIALIZED_AUTOS = YES_AGGRESSIVE;
				GCC_WARN_UNUSED_FUNCTION = YES;
				GCC_WARN_UNUSED_VARIABLE = YES;
				IPHONEOS_DEPLOYMENT_TARGET = 16.1;
				MTL_ENABLE_DEBUG_INFO = INCLUDE_SOURCE;
				MTL_FAST_MATH = YES;
				ONLY_ACTIVE_ARCH = YES;
				SDKROOT = iphoneos;
				SWIFT_ACTIVE_COMPILATION_CONDITIONS = DEBUG;
				SWIFT_OPTIMIZATION_LEVEL = "-Onone";
			};
			name = Debug;
		};
		CBD5949A29F3D14C0046A2CA /* Release */ = {
			isa = XCBuildConfiguration;
			buildSettings = {
				ALWAYS_SEARCH_USER_PATHS = NO;
				CLANG_ANALYZER_NONNULL = YES;
				CLANG_ANALYZER_NUMBER_OBJECT_CONVERSION = YES_AGGRESSIVE;
				CLANG_CXX_LANGUAGE_STANDARD = "gnu++20";
				CLANG_ENABLE_MODULES = YES;
				CLANG_ENABLE_OBJC_ARC = YES;
				CLANG_ENABLE_OBJC_WEAK = YES;
				CLANG_WARN_BLOCK_CAPTURE_AUTORELEASING = YES;
				CLANG_WARN_BOOL_CONVERSION = YES;
				CLANG_WARN_COMMA = YES;
				CLANG_WARN_CONSTANT_CONVERSION = YES;
				CLANG_WARN_DEPRECATED_OBJC_IMPLEMENTATIONS = YES;
				CLANG_WARN_DIRECT_OBJC_ISA_USAGE = YES_ERROR;
				CLANG_WARN_DOCUMENTATION_COMMENTS = YES;
				CLANG_WARN_EMPTY_BODY = YES;
				CLANG_WARN_ENUM_CONVERSION = YES;
				CLANG_WARN_INFINITE_RECURSION = YES;
				CLANG_WARN_INT_CONVERSION = YES;
				CLANG_WARN_NON_LITERAL_NULL_CONVERSION = YES;
				CLANG_WARN_OBJC_IMPLICIT_RETAIN_SELF = YES;
				CLANG_WARN_OBJC_LITERAL_CONVERSION = YES;
				CLANG_WARN_OBJC_ROOT_CLASS = YES_ERROR;
				CLANG_WARN_QUOTED_INCLUDE_IN_FRAMEWORK_HEADER = YES;
				CLANG_WARN_RANGE_LOOP_ANALYSIS = YES;
				CLANG_WARN_STRICT_PROTOTYPES = YES;
				CLANG_WARN_SUSPICIOUS_MOVE = YES;
				CLANG_WARN_UNGUARDED_AVAILABILITY = YES_AGGRESSIVE;
				CLANG_WARN_UNREACHABLE_CODE = YES;
				CLANG_WARN__DUPLICATE_METHOD_MATCH = YES;
				COPY_PHASE_STRIP = NO;
				DEBUG_INFORMATION_FORMAT = "dwarf-with-dsym";
				ENABLE_NS_ASSERTIONS = NO;
				ENABLE_STRICT_OBJC_MSGSEND = YES;
				GCC_C_LANGUAGE_STANDARD = gnu11;
				GCC_NO_COMMON_BLOCKS = YES;
				GCC_WARN_64_TO_32_BIT_CONVERSION = YES;
				GCC_WARN_ABOUT_RETURN_TYPE = YES_ERROR;
				GCC_WARN_UNDECLARED_SELECTOR = YES;
				GCC_WARN_UNINITIALIZED_AUTOS = YES_AGGRESSIVE;
				GCC_WARN_UNUSED_FUNCTION = YES;
				GCC_WARN_UNUSED_VARIABLE = YES;
				IPHONEOS_DEPLOYMENT_TARGET = 16.1;
				MTL_ENABLE_DEBUG_INFO = NO;
				MTL_FAST_MATH = YES;
				SDKROOT = iphoneos;
				SWIFT_COMPILATION_MODE = wholemodule;
				SWIFT_OPTIMIZATION_LEVEL = "-O";
				VALIDATE_PRODUCT = YES;
			};
			name = Release;
		};
		CBD5949C29F3D14C0046A2CA /* Debug */ = {
			isa = XCBuildConfiguration;
			buildSettings = {
				ASSETCATALOG_COMPILER_APPICON_NAME = AppIcon;
				ASSETCATALOG_COMPILER_GLOBAL_ACCENT_COLOR_NAME = AccentColor;
				CODE_SIGN_STYLE = Automatic;
				CURRENT_PROJECT_VERSION = 1;
				DEVELOPMENT_ASSET_PATHS = "\"CalculationApp/Preview Content\"";
				DEVELOPMENT_TEAM = 6L95GP9HQV;
				ENABLE_PREVIEWS = YES;
				GENERATE_INFOPLIST_FILE = YES;
				INFOPLIST_KEY_CFBundleDisplayName = "資産形成シミュレータ";
				INFOPLIST_KEY_UIApplicationSceneManifest_Generation = YES;
				INFOPLIST_KEY_UIApplicationSupportsIndirectInputEvents = YES;
				INFOPLIST_KEY_UILaunchScreen_Generation = YES;
				INFOPLIST_KEY_UISupportedInterfaceOrientations = UIInterfaceOrientationPortrait;
				LD_RUNPATH_SEARCH_PATHS = (
					"$(inherited)",
					"@executable_path/Frameworks",
				);
				MARKETING_VERSION = 0.0;
				PRODUCT_BUNDLE_IDENTIFIER = tomsan96.CalculationApp;
				PRODUCT_NAME = "$(TARGET_NAME)";
				SUPPORTED_PLATFORMS = "iphoneos iphonesimulator";
				SUPPORTS_MACCATALYST = NO;
				SUPPORTS_MAC_DESIGNED_FOR_IPHONE_IPAD = NO;
				SWIFT_EMIT_LOC_STRINGS = YES;
				SWIFT_VERSION = 5.0;
				TARGETED_DEVICE_FAMILY = 1;
			};
			name = Debug;
		};
		CBD5949D29F3D14C0046A2CA /* Release */ = {
			isa = XCBuildConfiguration;
			buildSettings = {
				ASSETCATALOG_COMPILER_APPICON_NAME = AppIcon;
				ASSETCATALOG_COMPILER_GLOBAL_ACCENT_COLOR_NAME = AccentColor;
				CODE_SIGN_STYLE = Automatic;
				CURRENT_PROJECT_VERSION = 1;
				DEVELOPMENT_ASSET_PATHS = "\"CalculationApp/Preview Content\"";
				DEVELOPMENT_TEAM = 6L95GP9HQV;
				ENABLE_PREVIEWS = YES;
				GENERATE_INFOPLIST_FILE = YES;
				INFOPLIST_KEY_CFBundleDisplayName = "資産形成シミュレータ";
				INFOPLIST_KEY_UIApplicationSceneManifest_Generation = YES;
				INFOPLIST_KEY_UIApplicationSupportsIndirectInputEvents = YES;
				INFOPLIST_KEY_UILaunchScreen_Generation = YES;
				INFOPLIST_KEY_UISupportedInterfaceOrientations = UIInterfaceOrientationPortrait;
				LD_RUNPATH_SEARCH_PATHS = (
					"$(inherited)",
					"@executable_path/Frameworks",
				);
				MARKETING_VERSION = 0.0;
				PRODUCT_BUNDLE_IDENTIFIER = tomsan96.CalculationApp;
				PRODUCT_NAME = "$(TARGET_NAME)";
				SUPPORTED_PLATFORMS = "iphoneos iphonesimulator";
				SUPPORTS_MACCATALYST = NO;
				SUPPORTS_MAC_DESIGNED_FOR_IPHONE_IPAD = NO;
				SWIFT_EMIT_LOC_STRINGS = YES;
				SWIFT_VERSION = 5.0;
				TARGETED_DEVICE_FAMILY = 1;
			};
			name = Release;
		};
		CBD5949F29F3D14C0046A2CA /* Debug */ = {
			isa = XCBuildConfiguration;
			buildSettings = {
				ALWAYS_EMBED_SWIFT_STANDARD_LIBRARIES = YES;
				BUNDLE_LOADER = "$(TEST_HOST)";
				CODE_SIGN_STYLE = Automatic;
				CURRENT_PROJECT_VERSION = 1;
				DEVELOPMENT_TEAM = 6L95GP9HQV;
				GENERATE_INFOPLIST_FILE = YES;
				IPHONEOS_DEPLOYMENT_TARGET = 16.1;
				MARKETING_VERSION = 1.0;
				PRODUCT_BUNDLE_IDENTIFIER = tomsan96.CalculationAppTests;
				PRODUCT_NAME = "$(TARGET_NAME)";
				SWIFT_EMIT_LOC_STRINGS = NO;
				SWIFT_VERSION = 5.0;
				TARGETED_DEVICE_FAMILY = "1,2";
				TEST_HOST = "$(BUILT_PRODUCTS_DIR)/CalculationApp.app/$(BUNDLE_EXECUTABLE_FOLDER_PATH)/CalculationApp";
			};
			name = Debug;
		};
		CBD594A029F3D14C0046A2CA /* Release */ = {
			isa = XCBuildConfiguration;
			buildSettings = {
				ALWAYS_EMBED_SWIFT_STANDARD_LIBRARIES = YES;
				BUNDLE_LOADER = "$(TEST_HOST)";
				CODE_SIGN_STYLE = Automatic;
				CURRENT_PROJECT_VERSION = 1;
				DEVELOPMENT_TEAM = 6L95GP9HQV;
				GENERATE_INFOPLIST_FILE = YES;
				IPHONEOS_DEPLOYMENT_TARGET = 16.1;
				MARKETING_VERSION = 1.0;
				PRODUCT_BUNDLE_IDENTIFIER = tomsan96.CalculationAppTests;
				PRODUCT_NAME = "$(TARGET_NAME)";
				SWIFT_EMIT_LOC_STRINGS = NO;
				SWIFT_VERSION = 5.0;
				TARGETED_DEVICE_FAMILY = "1,2";
				TEST_HOST = "$(BUILT_PRODUCTS_DIR)/CalculationApp.app/$(BUNDLE_EXECUTABLE_FOLDER_PATH)/CalculationApp";
			};
			name = Release;
		};
		CBD594A229F3D14C0046A2CA /* Debug */ = {
			isa = XCBuildConfiguration;
			buildSettings = {
				ALWAYS_EMBED_SWIFT_STANDARD_LIBRARIES = YES;
				CODE_SIGN_STYLE = Automatic;
				CURRENT_PROJECT_VERSION = 1;
				DEVELOPMENT_TEAM = 6L95GP9HQV;
				GENERATE_INFOPLIST_FILE = YES;
				MARKETING_VERSION = 1.0;
				PRODUCT_BUNDLE_IDENTIFIER = tomsan96.CalculationAppUITests;
				PRODUCT_NAME = "$(TARGET_NAME)";
				SWIFT_EMIT_LOC_STRINGS = NO;
				SWIFT_VERSION = 5.0;
				TARGETED_DEVICE_FAMILY = "1,2";
				TEST_TARGET_NAME = CalculationApp;
			};
			name = Debug;
		};
		CBD594A329F3D14C0046A2CA /* Release */ = {
			isa = XCBuildConfiguration;
			buildSettings = {
				ALWAYS_EMBED_SWIFT_STANDARD_LIBRARIES = YES;
				CODE_SIGN_STYLE = Automatic;
				CURRENT_PROJECT_VERSION = 1;
				DEVELOPMENT_TEAM = 6L95GP9HQV;
				GENERATE_INFOPLIST_FILE = YES;
				MARKETING_VERSION = 1.0;
				PRODUCT_BUNDLE_IDENTIFIER = tomsan96.CalculationAppUITests;
				PRODUCT_NAME = "$(TARGET_NAME)";
				SWIFT_EMIT_LOC_STRINGS = NO;
				SWIFT_VERSION = 5.0;
				TARGETED_DEVICE_FAMILY = "1,2";
				TEST_TARGET_NAME = CalculationApp;
			};
			name = Release;
		};
/* End XCBuildConfiguration section */

/* Begin XCConfigurationList section */
		CBD5947229F3D14B0046A2CA /* Build configuration list for PBXProject "CalculationApp" */ = {
			isa = XCConfigurationList;
			buildConfigurations = (
				CBD5949929F3D14C0046A2CA /* Debug */,
				CBD5949A29F3D14C0046A2CA /* Release */,
			);
			defaultConfigurationIsVisible = 0;
			defaultConfigurationName = Release;
		};
		CBD5949B29F3D14C0046A2CA /* Build configuration list for PBXNativeTarget "CalculationApp" */ = {
			isa = XCConfigurationList;
			buildConfigurations = (
				CBD5949C29F3D14C0046A2CA /* Debug */,
				CBD5949D29F3D14C0046A2CA /* Release */,
			);
			defaultConfigurationIsVisible = 0;
			defaultConfigurationName = Release;
		};
		CBD5949E29F3D14C0046A2CA /* Build configuration list for PBXNativeTarget "CalculationAppTests" */ = {
			isa = XCConfigurationList;
			buildConfigurations = (
				CBD5949F29F3D14C0046A2CA /* Debug */,
				CBD594A029F3D14C0046A2CA /* Release */,
			);
			defaultConfigurationIsVisible = 0;
			defaultConfigurationName = Release;
		};
		CBD594A129F3D14C0046A2CA /* Build configuration list for PBXNativeTarget "CalculationAppUITests" */ = {
			isa = XCConfigurationList;
			buildConfigurations = (
				CBD594A229F3D14C0046A2CA /* Debug */,
				CBD594A329F3D14C0046A2CA /* Release */,
			);
			defaultConfigurationIsVisible = 0;
			defaultConfigurationName = Release;
		};
/* End XCConfigurationList section */
	};
	rootObject = CBD5946F29F3D14B0046A2CA /* Project object */;
}
